// !$*UTF8*$!
{
	archiveVersion = 1;
	classes = {
	};
	objectVersion = 48;
	objects = {

/* Begin PBXBuildFile section */
		65B9E25B1FE704E300E04121 /* AppDelegate.swift in Sources */ = {isa = PBXBuildFile; fileRef = 65B9E25A1FE704E300E04121 /* AppDelegate.swift */; };
		65B9E25D1FE704E300E04121 /* ViewController.swift in Sources */ = {isa = PBXBuildFile; fileRef = 65B9E25C1FE704E300E04121 /* ViewController.swift */; };
		65B9E2601FE704E300E04121 /* Main.storyboard in Resources */ = {isa = PBXBuildFile; fileRef = 65B9E25E1FE704E300E04121 /* Main.storyboard */; };
		65B9E2621FE704E300E04121 /* Assets.xcassets in Resources */ = {isa = PBXBuildFile; fileRef = 65B9E2611FE704E300E04121 /* Assets.xcassets */; };
		65B9E2651FE704E300E04121 /* LaunchScreen.storyboard in Resources */ = {isa = PBXBuildFile; fileRef = 65B9E2631FE704E300E04121 /* LaunchScreen.storyboard */; };
		65B9E2701FE704E400E04121 /* SideMenuHUBTests.swift in Sources */ = {isa = PBXBuildFile; fileRef = 65B9E26F1FE704E400E04121 /* SideMenuHUBTests.swift */; };
		65B9E27B1FE704E400E04121 /* SideMenuHUBUITests.swift in Sources */ = {isa = PBXBuildFile; fileRef = 65B9E27A1FE704E400E04121 /* SideMenuHUBUITests.swift */; };
/* End PBXBuildFile section */

/* Begin PBXContainerItemProxy section */
		65B9E26C1FE704E400E04121 /* PBXContainerItemProxy */ = {
			isa = PBXContainerItemProxy;
			containerPortal = 65B9E24F1FE704E300E04121 /* Project object */;
			proxyType = 1;
			remoteGlobalIDString = 65B9E2561FE704E300E04121;
			remoteInfo = SideMenuHUB;
		};
		65B9E2771FE704E400E04121 /* PBXContainerItemProxy */ = {
			isa = PBXContainerItemProxy;
			containerPortal = 65B9E24F1FE704E300E04121 /* Project object */;
			proxyType = 1;
			remoteGlobalIDString = 65B9E2561FE704E300E04121;
			remoteInfo = SideMenuHUB;
		};
/* End PBXContainerItemProxy section */

/* Begin PBXFileReference section */
		65B9E2571FE704E300E04121 /* SideMenuHUB.app */ = {isa = PBXFileReference; explicitFileType = wrapper.application; includeInIndex = 0; path = SideMenuHUB.app; sourceTree = BUILT_PRODUCTS_DIR; };
		65B9E25A1FE704E300E04121 /* AppDelegate.swift */ = {isa = PBXFileReference; lastKnownFileType = sourcecode.swift; path = AppDelegate.swift; sourceTree = "<group>"; };
		65B9E25C1FE704E300E04121 /* ViewController.swift */ = {isa = PBXFileReference; lastKnownFileType = sourcecode.swift; path = ViewController.swift; sourceTree = "<group>"; };
		65B9E25F1FE704E300E04121 /* Base */ = {isa = PBXFileReference; lastKnownFileType = file.storyboard; name = Base; path = Base.lproj/Main.storyboard; sourceTree = "<group>"; };
		65B9E2611FE704E300E04121 /* Assets.xcassets */ = {isa = PBXFileReference; lastKnownFileType = folder.assetcatalog; path = Assets.xcassets; sourceTree = "<group>"; };
		65B9E2641FE704E300E04121 /* Base */ = {isa = PBXFileReference; lastKnownFileType = file.storyboard; name = Base; path = Base.lproj/LaunchScreen.storyboard; sourceTree = "<group>"; };
		65B9E2661FE704E300E04121 /* Info.plist */ = {isa = PBXFileReference; lastKnownFileType = text.plist.xml; path = Info.plist; sourceTree = "<group>"; };
		65B9E26B1FE704E400E04121 /* SideMenuHUBTests.xctest */ = {isa = PBXFileReference; explicitFileType = wrapper.cfbundle; includeInIndex = 0; path = SideMenuHUBTests.xctest; sourceTree = BUILT_PRODUCTS_DIR; };
		65B9E26F1FE704E400E04121 /* SideMenuHUBTests.swift */ = {isa = PBXFileReference; lastKnownFileType = sourcecode.swift; path = SideMenuHUBTests.swift; sourceTree = "<group>"; };
		65B9E2711FE704E400E04121 /* Info.plist */ = {isa = PBXFileReference; lastKnownFileType = text.plist.xml; path = Info.plist; sourceTree = "<group>"; };
		65B9E2761FE704E400E04121 /* SideMenuHUBUITests.xctest */ = {isa = PBXFileReference; explicitFileType = wrapper.cfbundle; includeInIndex = 0; path = SideMenuHUBUITests.xctest; sourceTree = BUILT_PRODUCTS_DIR; };
		65B9E27A1FE704E400E04121 /* SideMenuHUBUITests.swift */ = {isa = PBXFileReference; lastKnownFileType = sourcecode.swift; path = SideMenuHUBUITests.swift; sourceTree = "<group>"; };
		65B9E27C1FE704E400E04121 /* Info.plist */ = {isa = PBXFileReference; lastKnownFileType = text.plist.xml; path = Info.plist; sourceTree = "<group>"; };
/* End PBXFileReference section */

/* Begin PBXFrameworksBuildPhase section */
		65B9E2541FE704E300E04121 /* Frameworks */ = {
			isa = PBXFrameworksBuildPhase;
			buildActionMask = 2147483647;
			files = (
			);
			runOnlyForDeploymentPostprocessing = 0;
		};
		65B9E2681FE704E400E04121 /* Frameworks */ = {
			isa = PBXFrameworksBuildPhase;
			buildActionMask = 2147483647;
			files = (
			);
			runOnlyForDeploymentPostprocessing = 0;
		};
		65B9E2731FE704E400E04121 /* Frameworks */ = {
			isa = PBXFrameworksBuildPhase;
			buildActionMask = 2147483647;
			files = (
			);
			runOnlyForDeploymentPostprocessing = 0;
		};
/* End PBXFrameworksBuildPhase section */

/* Begin PBXGroup section */
		65B9E24E1FE704E300E04121 = {
			isa = PBXGroup;
			children = (
				65B9E2591FE704E300E04121 /* SideMenuHUB */,
				65B9E26E1FE704E400E04121 /* SideMenuHUBTests */,
				65B9E2791FE704E400E04121 /* SideMenuHUBUITests */,
				65B9E2581FE704E300E04121 /* Products */,
			);
			sourceTree = "<group>";
		};
		65B9E2581FE704E300E04121 /* Products */ = {
			isa = PBXGroup;
			children = (
				65B9E2571FE704E300E04121 /* SideMenuHUB.app */,
				65B9E26B1FE704E400E04121 /* SideMenuHUBTests.xctest */,
				65B9E2761FE704E400E04121 /* SideMenuHUBUITests.xctest */,
			);
			name = Products;
			sourceTree = "<group>";
		};
		65B9E2591FE704E300E04121 /* SideMenuHUB */ = {
			isa = PBXGroup;
			children = (
				65B9E25A1FE704E300E04121 /* AppDelegate.swift */,
				65B9E25C1FE704E300E04121 /* ViewController.swift */,
				65B9E25E1FE704E300E04121 /* Main.storyboard */,
				65B9E2611FE704E300E04121 /* Assets.xcassets */,
				65B9E2631FE704E300E04121 /* LaunchScreen.storyboard */,
				65B9E2661FE704E300E04121 /* Info.plist */,
			);
			path = SideMenuHUB;
			sourceTree = "<group>";
		};
		65B9E26E1FE704E400E04121 /* SideMenuHUBTests */ = {
			isa = PBXGroup;
			children = (
				65B9E26F1FE704E400E04121 /* SideMenuHUBTests.swift */,
				65B9E2711FE704E400E04121 /* Info.plist */,
			);
			path = SideMenuHUBTests;
			sourceTree = "<group>";
		};
		65B9E2791FE704E400E04121 /* SideMenuHUBUITests */ = {
			isa = PBXGroup;
			children = (
				65B9E27A1FE704E400E04121 /* SideMenuHUBUITests.swift */,
				65B9E27C1FE704E400E04121 /* Info.plist */,
			);
			path = SideMenuHUBUITests;
			sourceTree = "<group>";
		};
/* End PBXGroup section */

/* Begin PBXNativeTarget section */
		65B9E2561FE704E300E04121 /* SideMenuHUB */ = {
			isa = PBXNativeTarget;
			buildConfigurationList = 65B9E27F1FE704E400E04121 /* Build configuration list for PBXNativeTarget "SideMenuHUB" */;
			buildPhases = (
				65B9E2531FE704E300E04121 /* Sources */,
				65B9E2541FE704E300E04121 /* Frameworks */,
				65B9E2551FE704E300E04121 /* Resources */,
			);
			buildRules = (
			);
			dependencies = (
			);
			name = SideMenuHUB;
			productName = SideMenuHUB;
			productReference = 65B9E2571FE704E300E04121 /* SideMenuHUB.app */;
			productType = "com.apple.product-type.application";
		};
		65B9E26A1FE704E400E04121 /* SideMenuHUBTests */ = {
			isa = PBXNativeTarget;
			buildConfigurationList = 65B9E2821FE704E400E04121 /* Build configuration list for PBXNativeTarget "SideMenuHUBTests" */;
			buildPhases = (
				65B9E2671FE704E400E04121 /* Sources */,
				65B9E2681FE704E400E04121 /* Frameworks */,
				65B9E2691FE704E400E04121 /* Resources */,
			);
			buildRules = (
			);
			dependencies = (
				65B9E26D1FE704E400E04121 /* PBXTargetDependency */,
			);
			name = SideMenuHUBTests;
			productName = SideMenuHUBTests;
			productReference = 65B9E26B1FE704E400E04121 /* SideMenuHUBTests.xctest */;
			productType = "com.apple.product-type.bundle.unit-test";
		};
		65B9E2751FE704E400E04121 /* SideMenuHUBUITests */ = {
			isa = PBXNativeTarget;
			buildConfigurationList = 65B9E2851FE704E400E04121 /* Build configuration list for PBXNativeTarget "SideMenuHUBUITests" */;
			buildPhases = (
				65B9E2721FE704E400E04121 /* Sources */,
				65B9E2731FE704E400E04121 /* Frameworks */,
				65B9E2741FE704E400E04121 /* Resources */,
			);
			buildRules = (
			);
			dependencies = (
				65B9E2781FE704E400E04121 /* PBXTargetDependency */,
			);
			name = SideMenuHUBUITests;
			productName = SideMenuHUBUITests;
			productReference = 65B9E2761FE704E400E04121 /* SideMenuHUBUITests.xctest */;
			productType = "com.apple.product-type.bundle.ui-testing";
		};
/* End PBXNativeTarget section */

/* Begin PBXProject section */
		65B9E24F1FE704E300E04121 /* Project object */ = {
			isa = PBXProject;
			attributes = {
				LastSwiftUpdateCheck = 0920;
				LastUpgradeCheck = 0920;
				ORGANIZATIONNAME = "Daniel Yo";
				TargetAttributes = {
					65B9E2561FE704E300E04121 = {
						CreatedOnToolsVersion = 9.2;
						ProvisioningStyle = Automatic;
					};
					65B9E26A1FE704E400E04121 = {
						CreatedOnToolsVersion = 9.2;
						ProvisioningStyle = Automatic;
						TestTargetID = 65B9E2561FE704E300E04121;
					};
					65B9E2751FE704E400E04121 = {
						CreatedOnToolsVersion = 9.2;
						ProvisioningStyle = Automatic;
						TestTargetID = 65B9E2561FE704E300E04121;
					};
				};
			};
			buildConfigurationList = 65B9E2521FE704E300E04121 /* Build configuration list for PBXProject "SideMenuHUB" */;
			compatibilityVersion = "Xcode 8.0";
			developmentRegion = en;
			hasScannedForEncodings = 0;
			knownRegions = (
				en,
				Base,
			);
			mainGroup = 65B9E24E1FE704E300E04121;
			productRefGroup = 65B9E2581FE704E300E04121 /* Products */;
			projectDirPath = "";
			projectRoot = "";
			targets = (
				65B9E2561FE704E300E04121 /* SideMenuHUB */,
				65B9E26A1FE704E400E04121 /* SideMenuHUBTests */,
				65B9E2751FE704E400E04121 /* SideMenuHUBUITests */,
			);
		};
/* End PBXProject section */

/* Begin PBXResourcesBuildPhase section */
		65B9E2551FE704E300E04121 /* Resources */ = {
			isa = PBXResourcesBuildPhase;
			buildActionMask = 2147483647;
			files = (
				65B9E2651FE704E300E04121 /* LaunchScreen.storyboard in Resources */,
				65B9E2621FE704E300E04121 /* Assets.xcassets in Resources */,
				65B9E2601FE704E300E04121 /* Main.storyboard in Resources */,
			);
			runOnlyForDeploymentPostprocessing = 0;
		};
		65B9E2691FE704E400E04121 /* Resources */ = {
			isa = PBXResourcesBuildPhase;
			buildActionMask = 2147483647;
			files = (
			);
			runOnlyForDeploymentPostprocessing = 0;
		};
		65B9E2741FE704E400E04121 /* Resources */ = {
			isa = PBXResourcesBuildPhase;
			buildActionMask = 2147483647;
			files = (
			);
			runOnlyForDeploymentPostprocessing = 0;
		};
/* End PBXResourcesBuildPhase section */

/* Begin PBXSourcesBuildPhase section */
		65B9E2531FE704E300E04121 /* Sources */ = {
			isa = PBXSourcesBuildPhase;
			buildActionMask = 2147483647;
			files = (
				65B9E25D1FE704E300E04121 /* ViewController.swift in Sources */,
				65B9E25B1FE704E300E04121 /* AppDelegate.swift in Sources */,
			);
			runOnlyForDeploymentPostprocessing = 0;
		};
		65B9E2671FE704E400E04121 /* Sources */ = {
			isa = PBXSourcesBuildPhase;
			buildActionMask = 2147483647;
			files = (
				65B9E2701FE704E400E04121 /* SideMenuHUBTests.swift in Sources */,
			);
			runOnlyForDeploymentPostprocessing = 0;
		};
		65B9E2721FE704E400E04121 /* Sources */ = {
			isa = PBXSourcesBuildPhase;
			buildActionMask = 2147483647;
			files = (
				65B9E27B1FE704E400E04121 /* SideMenuHUBUITests.swift in Sources */,
			);
			runOnlyForDeploymentPostprocessing = 0;
		};
/* End PBXSourcesBuildPhase section */

/* Begin PBXTargetDependency section */
		65B9E26D1FE704E400E04121 /* PBXTargetDependency */ = {
			isa = PBXTargetDependency;
			target = 65B9E2561FE704E300E04121 /* SideMenuHUB */;
			targetProxy = 65B9E26C1FE704E400E04121 /* PBXContainerItemProxy */;
		};
		65B9E2781FE704E400E04121 /* PBXTargetDependency */ = {
			isa = PBXTargetDependency;
			target = 65B9E2561FE704E300E04121 /* SideMenuHUB */;
			targetProxy = 65B9E2771FE704E400E04121 /* PBXContainerItemProxy */;
		};
/* End PBXTargetDependency section */

/* Begin PBXVariantGroup section */
		65B9E25E1FE704E300E04121 /* Main.storyboard */ = {
			isa = PBXVariantGroup;
			children = (
				65B9E25F1FE704E300E04121 /* Base */,
			);
			name = Main.storyboard;
			sourceTree = "<group>";
		};
		65B9E2631FE704E300E04121 /* LaunchScreen.storyboard */ = {
			isa = PBXVariantGroup;
			children = (
				65B9E2641FE704E300E04121 /* Base */,
			);
			name = LaunchScreen.storyboard;
			sourceTree = "<group>";
		};
/* End PBXVariantGroup section */

/* Begin XCBuildConfiguration section */
		65B9E27D1FE704E400E04121 /* Debug */ = {
			isa = XCBuildConfiguration;
			buildSettings = {
				ALWAYS_SEARCH_USER_PATHS = NO;
				CLANG_ANALYZER_NONNULL = YES;
				CLANG_ANALYZER_NUMBER_OBJECT_CONVERSION = YES_AGGRESSIVE;
				CLANG_CXX_LANGUAGE_STANDARD = "gnu++14";
				CLANG_CXX_LIBRARY = "libc++";
				CLANG_ENABLE_MODULES = YES;
				CLANG_ENABLE_OBJC_ARC = YES;
				CLANG_WARN_BLOCK_CAPTURE_AUTORELEASING = YES;
				CLANG_WARN_BOOL_CONVERSION = YES;
				CLANG_WARN_COMMA = YES;
				CLANG_WARN_CONSTANT_CONVERSION = YES;
				CLANG_WARN_DIRECT_OBJC_ISA_USAGE = YES_ERROR;
				CLANG_WARN_DOCUMENTATION_COMMENTS = YES;
				CLANG_WARN_EMPTY_BODY = YES;
				CLANG_WARN_ENUM_CONVERSION = YES;
				CLANG_WARN_INFINITE_RECURSION = YES;
				CLANG_WARN_INT_CONVERSION = YES;
				CLANG_WARN_NON_LITERAL_NULL_CONVERSION = YES;
				CLANG_WARN_OBJC_LITERAL_CONVERSION = YES;
				CLANG_WARN_OBJC_ROOT_CLASS = YES_ERROR;
				CLANG_WARN_RANGE_LOOP_ANALYSIS = YES;
				CLANG_WARN_STRICT_PROTOTYPES = YES;
				CLANG_WARN_SUSPICIOUS_MOVE = YES;
				CLANG_WARN_UNGUARDED_AVAILABILITY = YES_AGGRESSIVE;
				CLANG_WARN_UNREACHABLE_CODE = YES;
				CLANG_WARN__DUPLICATE_METHOD_MATCH = YES;
				CODE_SIGN_IDENTITY = "iPhone Developer";
				COPY_PHASE_STRIP = NO;
				DEBUG_INFORMATION_FORMAT = dwarf;
				ENABLE_STRICT_OBJC_MSGSEND = YES;
				ENABLE_TESTABILITY = YES;
				GCC_C_LANGUAGE_STANDARD = gnu11;
				GCC_DYNAMIC_NO_PIC = NO;
				GCC_NO_COMMON_BLOCKS = YES;
				GCC_OPTIMIZATION_LEVEL = 0;
				GCC_PREPROCESSOR_DEFINITIONS = (
					"DEBUG=1",
					"$(inherited)",
				);
				GCC_WARN_64_TO_32_BIT_CONVERSION = YES;
				GCC_WARN_ABOUT_RETURN_TYPE = YES_ERROR;
				GCC_WARN_UNDECLARED_SELECTOR = YES;
				GCC_WARN_UNINITIALIZED_AUTOS = YES_AGGRESSIVE;
				GCC_WARN_UNUSED_FUNCTION = YES;
				GCC_WARN_UNUSED_VARIABLE = YES;
				IPHONEOS_DEPLOYMENT_TARGET = 11.2;
				MTL_ENABLE_DEBUG_INFO = YES;
				ONLY_ACTIVE_ARCH = YES;
				SDKROOT = iphoneos;
				SWIFT_ACTIVE_COMPILATION_CONDITIONS = DEBUG;
				SWIFT_OPTIMIZATION_LEVEL = "-Onone";
			};
			name = Debug;
		};
		65B9E27E1FE704E400E04121 /* Release */ = {
			isa = XCBuildConfiguration;
			buildSettings = {
				ALWAYS_SEARCH_USER_PATHS = NO;
				CLANG_ANALYZER_NONNULL = YES;
				CLANG_ANALYZER_NUMBER_OBJECT_CONVERSION = YES_AGGRESSIVE;
				CLANG_CXX_LANGUAGE_STANDARD = "gnu++14";
				CLANG_CXX_LIBRARY = "libc++";
				CLANG_ENABLE_MODULES = YES;
				CLANG_ENABLE_OBJC_ARC = YES;
				CLANG_WARN_BLOCK_CAPTURE_AUTORELEASING = YES;
				CLANG_WARN_BOOL_CONVERSION = YES;
				CLANG_WARN_COMMA = YES;
				CLANG_WARN_CONSTANT_CONVERSION = YES;
				CLANG_WARN_DIRECT_OBJC_ISA_USAGE = YES_ERROR;
				CLANG_WARN_DOCUMENTATION_COMMENTS = YES;
				CLANG_WARN_EMPTY_BODY = YES;
				CLANG_WARN_ENUM_CONVERSION = YES;
				CLANG_WARN_INFINITE_RECURSION = YES;
				CLANG_WARN_INT_CONVERSION = YES;
				CLANG_WARN_NON_LITERAL_NULL_CONVERSION = YES;
				CLANG_WARN_OBJC_LITERAL_CONVERSION = YES;
				CLANG_WARN_OBJC_ROOT_CLASS = YES_ERROR;
				CLANG_WARN_RANGE_LOOP_ANALYSIS = YES;
				CLANG_WARN_STRICT_PROTOTYPES = YES;
				CLANG_WARN_SUSPICIOUS_MOVE = YES;
				CLANG_WARN_UNGUARDED_AVAILABILITY = YES_AGGRESSIVE;
				CLANG_WARN_UNREACHABLE_CODE = YES;
				CLANG_WARN__DUPLICATE_METHOD_MATCH = YES;
				CODE_SIGN_IDENTITY = "iPhone Developer";
				COPY_PHASE_STRIP = NO;
				DEBUG_INFORMATION_FORMAT = "dwarf-with-dsym";
				ENABLE_NS_ASSERTIONS = NO;
				ENABLE_STRICT_OBJC_MSGSEND = YES;
				GCC_C_LANGUAGE_STANDARD = gnu11;
				GCC_NO_COMMON_BLOCKS = YES;
				GCC_WARN_64_TO_32_BIT_CONVERSION = YES;
				GCC_WARN_ABOUT_RETURN_TYPE = YES_ERROR;
				GCC_WARN_UNDECLARED_SELECTOR = YES;
				GCC_WARN_UNINITIALIZED_AUTOS = YES_AGGRESSIVE;
				GCC_WARN_UNUSED_FUNCTION = YES;
				GCC_WARN_UNUSED_VARIABLE = YES;
				IPHONEOS_DEPLOYMENT_TARGET = 11.2;
				MTL_ENABLE_DEBUG_INFO = NO;
				SDKROOT = iphoneos;
				SWIFT_OPTIMIZATION_LEVEL = "-Owholemodule";
				VALIDATE_PRODUCT = YES;
			};
			name = Release;
		};
		65B9E2801FE704E400E04121 /* Debug */ = {
			isa = XCBuildConfiguration;
			buildSettings = {
				ASSETCATALOG_COMPILER_APPICON_NAME = AppIcon;
				CODE_SIGN_STYLE = Automatic;
				DEVELOPMENT_TEAM = 6W2A826YQJ;
				INFOPLIST_FILE = SideMenuHUB/Info.plist;
				LD_RUNPATH_SEARCH_PATHS = "$(inherited) @executable_path/Frameworks";
				PRODUCT_BUNDLE_IDENTIFIER = Yo.Daniel.SideMenuHUB;
				PRODUCT_NAME = "$(TARGET_NAME)";
				SWIFT_VERSION = 4.0;
				TARGETED_DEVICE_FAMILY = "1,2";
			};
			name = Debug;
		};
		65B9E2811FE704E400E04121 /* Release */ = {
			isa = XCBuildConfiguration;
			buildSettings = {
				ASSETCATALOG_COMPILER_APPICON_NAME = AppIcon;
				CODE_SIGN_STYLE = Automatic;
				DEVELOPMENT_TEAM = 6W2A826YQJ;
				INFOPLIST_FILE = SideMenuHUB/Info.plist;
				LD_RUNPATH_SEARCH_PATHS = "$(inherited) @executable_path/Frameworks";
				PRODUCT_BUNDLE_IDENTIFIER = Yo.Daniel.SideMenuHUB;
				PRODUCT_NAME = "$(TARGET_NAME)";
				SWIFT_VERSION = 4.0;
				TARGETED_DEVICE_FAMILY = "1,2";
			};
			name = Release;
		};
		65B9E2831FE704E400E04121 /* Debug */ = {
			isa = XCBuildConfiguration;
			buildSettings = {
				ALWAYS_EMBED_SWIFT_STANDARD_LIBRARIES = YES;
				BUNDLE_LOADER = "$(TEST_HOST)";
				CODE_SIGN_STYLE = Automatic;
				DEVELOPMENT_TEAM = 6W2A826YQJ;
				INFOPLIST_FILE = SideMenuHUBTests/Info.plist;
				LD_RUNPATH_SEARCH_PATHS = "$(inherited) @executable_path/Frameworks @loader_path/Frameworks";
				PRODUCT_BUNDLE_IDENTIFIER = Yo.Daniel.SideMenuHUBTests;
				PRODUCT_NAME = "$(TARGET_NAME)";
				SWIFT_VERSION = 4.0;
				TARGETED_DEVICE_FAMILY = "1,2";
				TEST_HOST = "$(BUILT_PRODUCTS_DIR)/SideMenuHUB.app/SideMenuHUB";
			};
			name = Debug;
		};
		65B9E2841FE704E400E04121 /* Release */ = {
			isa = XCBuildConfiguration;
			buildSettings = {
				ALWAYS_EMBED_SWIFT_STANDARD_LIBRARIES = YES;
				BUNDLE_LOADER = "$(TEST_HOST)";
				CODE_SIGN_STYLE = Automatic;
				DEVELOPMENT_TEAM = 6W2A826YQJ;
				INFOPLIST_FILE = SideMenuHUBTests/Info.plist;
				LD_RUNPATH_SEARCH_PATHS = "$(inherited) @executable_path/Frameworks @loader_path/Frameworks";
				PRODUCT_BUNDLE_IDENTIFIER = Yo.Daniel.SideMenuHUBTests;
				PRODUCT_NAME = "$(TARGET_NAME)";
				SWIFT_VERSION = 4.0;
				TARGETED_DEVICE_FAMILY = "1,2";
				TEST_HOST = "$(BUILT_PRODUCTS_DIR)/SideMenuHUB.app/SideMenuHUB";
			};
			name = Release;
		};
		65B9E2861FE704E400E04121 /* Debug */ = {
			isa = XCBuildConfiguration;
			buildSettings = {
				ALWAYS_EMBED_SWIFT_STANDARD_LIBRARIES = YES;
				CODE_SIGN_STYLE = Automatic;
				DEVELOPMENT_TEAM = 6W2A826YQJ;
				INFOPLIST_FILE = SideMenuHUBUITests/Info.plist;
				LD_RUNPATH_SEARCH_PATHS = "$(inherited) @executable_path/Frameworks @loader_path/Frameworks";
				PRODUCT_BUNDLE_IDENTIFIER = Yo.Daniel.SideMenuHUBUITests;
				PRODUCT_NAME = "$(TARGET_NAME)";
				SWIFT_VERSION = 4.0;
				TARGETED_DEVICE_FAMILY = "1,2";
				TEST_TARGET_NAME = SideMenuHUB;
			};
			name = Debug;
		};
		65B9E2871FE704E400E04121 /* Release */ = {
			isa = XCBuildConfiguration;
			buildSettings = {
				ALWAYS_EMBED_SWIFT_STANDARD_LIBRARIES = YES;
				CODE_SIGN_STYLE = Automatic;
				DEVELOPMENT_TEAM = 6W2A826YQJ;
				INFOPLIST_FILE = SideMenuHUBUITests/Info.plist;
				LD_RUNPATH_SEARCH_PATHS = "$(inherited) @executable_path/Frameworks @loader_path/Frameworks";
				PRODUCT_BUNDLE_IDENTIFIER = Yo.Daniel.SideMenuHUBUITests;
				PRODUCT_NAME = "$(TARGET_NAME)";
				SWIFT_VERSION = 4.0;
				TARGETED_DEVICE_FAMILY = "1,2";
				TEST_TARGET_NAME = SideMenuHUB;
			};
			name = Release;
		};
/* End XCBuildConfiguration section */

/* Begin XCConfigurationList section */
		65B9E2521FE704E300E04121 /* Build configuration list for PBXProject "SideMenuHUB" */ = {
			isa = XCConfigurationList;
			buildConfigurations = (
				65B9E27D1FE704E400E04121 /* Debug */,
				65B9E27E1FE704E400E04121 /* Release */,
			);
			defaultConfigurationIsVisible = 0;
			defaultConfigurationName = Release;
		};
		65B9E27F1FE704E400E04121 /* Build configuration list for PBXNativeTarget "SideMenuHUB" */ = {
			isa = XCConfigurationList;
			buildConfigurations = (
				65B9E2801FE704E400E04121 /* Debug */,
				65B9E2811FE704E400E04121 /* Release */,
			);
			defaultConfigurationIsVisible = 0;
			defaultConfigurationName = Release;
		};
		65B9E2821FE704E400E04121 /* Build configuration list for PBXNativeTarget "SideMenuHUBTests" */ = {
			isa = XCConfigurationList;
			buildConfigurations = (
				65B9E2831FE704E400E04121 /* Debug */,
				65B9E2841FE704E400E04121 /* Release */,
			);
			defaultConfigurationIsVisible = 0;
			defaultConfigurationName = Release;
		};
		65B9E2851FE704E400E04121 /* Build configuration list for PBXNativeTarget "SideMenuHUBUITests" */ = {
			isa = XCConfigurationList;
			buildConfigurations = (
				65B9E2861FE704E400E04121 /* Debug */,
				65B9E2871FE704E400E04121 /* Release */,
			);
			defaultConfigurationIsVisible = 0;
			defaultConfigurationName = Release;
		};
/* End XCConfigurationList section */
	};
	rootObject = 65B9E24F1FE704E300E04121 /* Project object */;
}
